// !$*UTF8*$!
{
	archiveVersion = 1;
	classes = {
	};
	objectVersion = 56;
	objects = {

/* Begin PBXBuildFile section */
		314C00E52CAEA05100541726 /* ImatCheffApp.swift in Sources */ = {isa = PBXBuildFile; fileRef = 314C00E42CAEA05100541726 /* ImatCheffApp.swift */; };
		314C00E92CAEA05200541726 /* Assets.xcassets in Resources */ = {isa = PBXBuildFile; fileRef = 314C00E82CAEA05200541726 /* Assets.xcassets */; };
		314C00EC2CAEA05200541726 /* Preview Assets.xcassets in Resources */ = {isa = PBXBuildFile; fileRef = 314C00EB2CAEA05200541726 /* Preview Assets.xcassets */; };
		314C00F52CAEA08600541726 /* Alamofire in Frameworks */ = {isa = PBXBuildFile; productRef = 314C00F42CAEA08600541726 /* Alamofire */; };
		314C00F82CAEA09100541726 /* Lottie in Frameworks */ = {isa = PBXBuildFile; productRef = 314C00F72CAEA09100541726 /* Lottie */; };
		314C00FB2CAEA0C000541726 /* Lottie.swift in Sources */ = {isa = PBXBuildFile; fileRef = 314C00FA2CAEA0C000541726 /* Lottie.swift */; };
		314C00FF2CAEA0EA00541726 /* CRUDCevap.swift in Sources */ = {isa = PBXBuildFile; fileRef = 314C00FE2CAEA0EA00541726 /* CRUDCevap.swift */; };
		314C01042CAEA13600541726 /* AnasayfaViewModel.swift in Sources */ = {isa = PBXBuildFile; fileRef = 314C01032CAEA13600541726 /* AnasayfaViewModel.swift */; };
		314C01072CAEA15C00541726 /* NavBarDetailView.swift in Sources */ = {isa = PBXBuildFile; fileRef = 314C01062CAEA15C00541726 /* NavBarDetailView.swift */; };
		314C010A2CAEA19300541726 /* Anasayfa.swift in Sources */ = {isa = PBXBuildFile; fileRef = 314C01092CAEA19300541726 /* Anasayfa.swift */; };
		314C010C2CAEA1AC00541726 /* YemekDetayView.swift in Sources */ = {isa = PBXBuildFile; fileRef = 314C010B2CAEA1AC00541726 /* YemekDetayView.swift */; };
		314C010E2CAEA1C400541726 /* SepetView.swift in Sources */ = {isa = PBXBuildFile; fileRef = 314C010D2CAEA1C400541726 /* SepetView.swift */; };
		314C01102CAEA1E000541726 /* YemekItemView.swift in Sources */ = {isa = PBXBuildFile; fileRef = 314C010F2CAEA1E000541726 /* YemekItemView.swift */; };
		314C01122CAEA1FF00541726 /* SepetItemView.swift in Sources */ = {isa = PBXBuildFile; fileRef = 314C01112CAEA1FF00541726 /* SepetItemView.swift */; };
		314C011B2CAEA84E00541726 /* Yemek.swift in Sources */ = {isa = PBXBuildFile; fileRef = 314C011A2CAEA84E00541726 /* Yemek.swift */; };
		314C011D2CB08D3800541726 /* YemekDetayModelView.swift in Sources */ = {isa = PBXBuildFile; fileRef = 314C011C2CB08D3800541726 /* YemekDetayModelView.swift */; };
		314C011F2CB0942500541726 /* YemekItemViewModel.swift in Sources */ = {isa = PBXBuildFile; fileRef = 314C011E2CB0942500541726 /* YemekItemViewModel.swift */; };
		314C01212CB0950500541726 /* SepetViewModel.swift in Sources */ = {isa = PBXBuildFile; fileRef = 314C01202CB0950500541726 /* SepetViewModel.swift */; };
		317C44872CB122D2001D5F21 /* SepetItemViewModel.swift in Sources */ = {isa = PBXBuildFile; fileRef = 317C44862CB122D2001D5F21 /* SepetItemViewModel.swift */; };
/* End PBXBuildFile section */

/* Begin PBXFileReference section */
		314C00E12CAEA05100541726 /* ImatCheff.app */ = {isa = PBXFileReference; explicitFileType = wrapper.application; includeInIndex = 0; path = ImatCheff.app; sourceTree = BUILT_PRODUCTS_DIR; };
		314C00E42CAEA05100541726 /* ImatCheffApp.swift */ = {isa = PBXFileReference; lastKnownFileType = sourcecode.swift; path = ImatCheffApp.swift; sourceTree = "<group>"; };
		314C00E82CAEA05200541726 /* Assets.xcassets */ = {isa = PBXFileReference; lastKnownFileType = folder.assetcatalog; path = Assets.xcassets; sourceTree = "<group>"; };
		314C00EB2CAEA05200541726 /* Preview Assets.xcassets */ = {isa = PBXFileReference; lastKnownFileType = folder.assetcatalog; path = "Preview Assets.xcassets"; sourceTree = "<group>"; };
		314C00F22CAEA06100541726 /* Info.plist */ = {isa = PBXFileReference; lastKnownFileType = text.plist; path = Info.plist; sourceTree = "<group>"; };
		314C00FA2CAEA0C000541726 /* Lottie.swift */ = {isa = PBXFileReference; lastKnownFileType = sourcecode.swift; path = Lottie.swift; sourceTree = "<group>"; };
		314C00FE2CAEA0EA00541726 /* CRUDCevap.swift */ = {isa = PBXFileReference; lastKnownFileType = sourcecode.swift; path = CRUDCevap.swift; sourceTree = "<group>"; };
		314C01032CAEA13600541726 /* AnasayfaViewModel.swift */ = {isa = PBXFileReference; lastKnownFileType = sourcecode.swift; path = AnasayfaViewModel.swift; sourceTree = "<group>"; };
		314C01062CAEA15C00541726 /* NavBarDetailView.swift */ = {isa = PBXFileReference; lastKnownFileType = sourcecode.swift; path = NavBarDetailView.swift; sourceTree = "<group>"; };
		314C01092CAEA19300541726 /* Anasayfa.swift */ = {isa = PBXFileReference; lastKnownFileType = sourcecode.swift; path = Anasayfa.swift; sourceTree = "<group>"; };
		314C010B2CAEA1AC00541726 /* YemekDetayView.swift */ = {isa = PBXFileReference; lastKnownFileType = sourcecode.swift; path = YemekDetayView.swift; sourceTree = "<group>"; };
		314C010D2CAEA1C400541726 /* SepetView.swift */ = {isa = PBXFileReference; lastKnownFileType = sourcecode.swift; path = SepetView.swift; sourceTree = "<group>"; };
		314C010F2CAEA1E000541726 /* YemekItemView.swift */ = {isa = PBXFileReference; lastKnownFileType = sourcecode.swift; path = YemekItemView.swift; sourceTree = "<group>"; };
		314C01112CAEA1FF00541726 /* SepetItemView.swift */ = {isa = PBXFileReference; lastKnownFileType = sourcecode.swift; path = SepetItemView.swift; sourceTree = "<group>"; };
		314C011A2CAEA84E00541726 /* Yemek.swift */ = {isa = PBXFileReference; lastKnownFileType = sourcecode.swift; path = Yemek.swift; sourceTree = "<group>"; };
		314C011C2CB08D3800541726 /* YemekDetayModelView.swift */ = {isa = PBXFileReference; lastKnownFileType = sourcecode.swift; path = YemekDetayModelView.swift; sourceTree = "<group>"; };
		314C011E2CB0942500541726 /* YemekItemViewModel.swift */ = {isa = PBXFileReference; lastKnownFileType = sourcecode.swift; path = YemekItemViewModel.swift; sourceTree = "<group>"; };
		314C01202CB0950500541726 /* SepetViewModel.swift */ = {isa = PBXFileReference; lastKnownFileType = sourcecode.swift; path = SepetViewModel.swift; sourceTree = "<group>"; };
		317C44862CB122D2001D5F21 /* SepetItemViewModel.swift */ = {isa = PBXFileReference; lastKnownFileType = sourcecode.swift; path = SepetItemViewModel.swift; sourceTree = "<group>"; };
/* End PBXFileReference section */

/* Begin PBXFrameworksBuildPhase section */
		314C00DE2CAEA05100541726 /* Frameworks */ = {
			isa = PBXFrameworksBuildPhase;
			buildActionMask = 2147483647;
			files = (
				314C00F52CAEA08600541726 /* Alamofire in Frameworks */,
				314C00F82CAEA09100541726 /* Lottie in Frameworks */,
			);
			runOnlyForDeploymentPostprocessing = 0;
		};
/* End PBXFrameworksBuildPhase section */

/* Begin PBXGroup section */
		314C00D82CAEA05100541726 = {
			isa = PBXGroup;
			children = (
				314C00E32CAEA05100541726 /* ImatCheff */,
				314C00E22CAEA05100541726 /* Products */,
			);
			sourceTree = "<group>";
		};
		314C00E22CAEA05100541726 /* Products */ = {
			isa = PBXGroup;
			children = (
				314C00E12CAEA05100541726 /* ImatCheff.app */,
			);
			name = Products;
			sourceTree = "<group>";
		};
		314C00E32CAEA05100541726 /* ImatCheff */ = {
			isa = PBXGroup;
			children = (
				314C01052CAEA14400541726 /* View */,
				314C01022CAEA12000541726 /* ViewModel */,
				314C00F92CAEA0A700541726 /* Utility */,
				314C00F22CAEA06100541726 /* Info.plist */,
				314C00E42CAEA05100541726 /* ImatCheffApp.swift */,
				314C00E82CAEA05200541726 /* Assets.xcassets */,
				314C00EA2CAEA05200541726 /* Preview Content */,
			);
			path = ImatCheff;
			sourceTree = "<group>";
		};
		314C00EA2CAEA05200541726 /* Preview Content */ = {
			isa = PBXGroup;
			children = (
				314C00EB2CAEA05200541726 /* Preview Assets.xcassets */,
			);
			path = "Preview Content";
			sourceTree = "<group>";
		};
		314C00F92CAEA0A700541726 /* Utility */ = {
			isa = PBXGroup;
			children = (
				314C00FA2CAEA0C000541726 /* Lottie.swift */,
				314C00FE2CAEA0EA00541726 /* CRUDCevap.swift */,
				314C011A2CAEA84E00541726 /* Yemek.swift */,
			);
			path = Utility;
			sourceTree = "<group>";
		};
		314C01022CAEA12000541726 /* ViewModel */ = {
			isa = PBXGroup;
			children = (
				314C01032CAEA13600541726 /* AnasayfaViewModel.swift */,
				314C011C2CB08D3800541726 /* YemekDetayModelView.swift */,
				314C011E2CB0942500541726 /* YemekItemViewModel.swift */,
				314C01202CB0950500541726 /* SepetViewModel.swift */,
				317C44862CB122D2001D5F21 /* SepetItemViewModel.swift */,
			);
			path = ViewModel;
			sourceTree = "<group>";
		};
		314C01052CAEA14400541726 /* View */ = {
			isa = PBXGroup;
			children = (
				314C01132CAEA67800541726 /* deneme */,
				314C01062CAEA15C00541726 /* NavBarDetailView.swift */,
				314C01092CAEA19300541726 /* Anasayfa.swift */,
				314C010B2CAEA1AC00541726 /* YemekDetayView.swift */,
				314C010D2CAEA1C400541726 /* SepetView.swift */,
				314C010F2CAEA1E000541726 /* YemekItemView.swift */,
				314C01112CAEA1FF00541726 /* SepetItemView.swift */,
			);
			path = View;
			sourceTree = "<group>";
		};
		314C01132CAEA67800541726 /* deneme */ = {
			isa = PBXGroup;
			children = (
			);
			path = deneme;
			sourceTree = "<group>";
		};
/* End PBXGroup section */

/* Begin PBXNativeTarget section */
		314C00E02CAEA05100541726 /* ImatCheff */ = {
			isa = PBXNativeTarget;
			buildConfigurationList = 314C00EF2CAEA05200541726 /* Build configuration list for PBXNativeTarget "ImatCheff" */;
			buildPhases = (
				314C00DD2CAEA05100541726 /* Sources */,
				314C00DE2CAEA05100541726 /* Frameworks */,
				314C00DF2CAEA05100541726 /* Resources */,
			);
			buildRules = (
			);
			dependencies = (
			);
			name = ImatCheff;
			packageProductDependencies = (
				314C00F42CAEA08600541726 /* Alamofire */,
				314C00F72CAEA09100541726 /* Lottie */,
			);
			productName = ImatCheff;
			productReference = 314C00E12CAEA05100541726 /* ImatCheff.app */;
			productType = "com.apple.product-type.application";
		};
/* End PBXNativeTarget section */

/* Begin PBXProject section */
		314C00D92CAEA05100541726 /* Project object */ = {
			isa = PBXProject;
			attributes = {
				BuildIndependentTargetsInParallel = 1;
				LastSwiftUpdateCheck = 1540;
				LastUpgradeCheck = 1540;
				TargetAttributes = {
					314C00E02CAEA05100541726 = {
						CreatedOnToolsVersion = 15.4;
					};
				};
			};
			buildConfigurationList = 314C00DC2CAEA05100541726 /* Build configuration list for PBXProject "ImatCheff" */;
			compatibilityVersion = "Xcode 14.0";
			developmentRegion = en;
			hasScannedForEncodings = 0;
			knownRegions = (
				en,
				Base,
			);
			mainGroup = 314C00D82CAEA05100541726;
			packageReferences = (
				314C00F32CAEA08600541726 /* XCRemoteSwiftPackageReference "Alamofire" */,
				314C00F62CAEA09100541726 /* XCRemoteSwiftPackageReference "lottie-ios" */,
			);
			productRefGroup = 314C00E22CAEA05100541726 /* Products */;
			projectDirPath = "";
			projectRoot = "";
			targets = (
				314C00E02CAEA05100541726 /* ImatCheff */,
			);
		};
/* End PBXProject section */

/* Begin PBXResourcesBuildPhase section */
		314C00DF2CAEA05100541726 /* Resources */ = {
			isa = PBXResourcesBuildPhase;
			buildActionMask = 2147483647;
			files = (
				314C00EC2CAEA05200541726 /* Preview Assets.xcassets in Resources */,
				314C00E92CAEA05200541726 /* Assets.xcassets in Resources */,
			);
			runOnlyForDeploymentPostprocessing = 0;
		};
/* End PBXResourcesBuildPhase section */

/* Begin PBXSourcesBuildPhase section */
		314C00DD2CAEA05100541726 /* Sources */ = {
			isa = PBXSourcesBuildPhase;
			buildActionMask = 2147483647;
			files = (
				314C010C2CAEA1AC00541726 /* YemekDetayView.swift in Sources */,
				314C011B2CAEA84E00541726 /* Yemek.swift in Sources */,
				314C010E2CAEA1C400541726 /* SepetView.swift in Sources */,
				314C00FF2CAEA0EA00541726 /* CRUDCevap.swift in Sources */,
				317C44872CB122D2001D5F21 /* SepetItemViewModel.swift in Sources */,
				314C01042CAEA13600541726 /* AnasayfaViewModel.swift in Sources */,
				314C00E52CAEA05100541726 /* ImatCheffApp.swift in Sources */,
				314C01212CB0950500541726 /* SepetViewModel.swift in Sources */,
				314C011F2CB0942500541726 /* YemekItemViewModel.swift in Sources */,
				314C011D2CB08D3800541726 /* YemekDetayModelView.swift in Sources */,
				314C01122CAEA1FF00541726 /* SepetItemView.swift in Sources */,
				314C00FB2CAEA0C000541726 /* Lottie.swift in Sources */,
				314C010A2CAEA19300541726 /* Anasayfa.swift in Sources */,
				314C01072CAEA15C00541726 /* NavBarDetailView.swift in Sources */,
				314C01102CAEA1E000541726 /* YemekItemView.swift in Sources */,
			);
			runOnlyForDeploymentPostprocessing = 0;
		};
/* End PBXSourcesBuildPhase section */

/* Begin XCBuildConfiguration section */
		314C00ED2CAEA05200541726 /* Debug */ = {
			isa = XCBuildConfiguration;
			buildSettings = {
				ALWAYS_SEARCH_USER_PATHS = NO;
				ASSETCATALOG_COMPILER_GENERATE_SWIFT_ASSET_SYMBOL_EXTENSIONS = YES;
				CLANG_ANALYZER_NONNULL = YES;
				CLANG_ANALYZER_NUMBER_OBJECT_CONVERSION = YES_AGGRESSIVE;
				CLANG_CXX_LANGUAGE_STANDARD = "gnu++20";
				CLANG_ENABLE_MODULES = YES;
				CLANG_ENABLE_OBJC_ARC = YES;
				CLANG_ENABLE_OBJC_WEAK = YES;
				CLANG_WARN_BLOCK_CAPTURE_AUTORELEASING = YES;
				CLANG_WARN_BOOL_CONVERSION = YES;
				CLANG_WARN_COMMA = YES;
				CLANG_WARN_CONSTANT_CONVERSION = YES;
				CLANG_WARN_DEPRECATED_OBJC_IMPLEMENTATIONS = YES;
				CLANG_WARN_DIRECT_OBJC_ISA_USAGE = YES_ERROR;
				CLANG_WARN_DOCUMENTATION_COMMENTS = YES;
				CLANG_WARN_EMPTY_BODY = YES;
				CLANG_WARN_ENUM_CONVERSION = YES;
				CLANG_WARN_INFINITE_RECURSION = YES;
				CLANG_WARN_INT_CONVERSION = YES;
				CLANG_WARN_NON_LITERAL_NULL_CONVERSION = YES;
				CLANG_WARN_OBJC_IMPLICIT_RETAIN_SELF = YES;
				CLANG_WARN_OBJC_LITERAL_CONVERSION = YES;
				CLANG_WARN_OBJC_ROOT_CLASS = YES_ERROR;
				CLANG_WARN_QUOTED_INCLUDE_IN_FRAMEWORK_HEADER = YES;
				CLANG_WARN_RANGE_LOOP_ANALYSIS = YES;
				CLANG_WARN_STRICT_PROTOTYPES = YES;
				CLANG_WARN_SUSPICIOUS_MOVE = YES;
				CLANG_WARN_UNGUARDED_AVAILABILITY = YES_AGGRESSIVE;
				CLANG_WARN_UNREACHABLE_CODE = YES;
				CLANG_WARN__DUPLICATE_METHOD_MATCH = YES;
				COPY_PHASE_STRIP = NO;
				DEBUG_INFORMATION_FORMAT = dwarf;
				ENABLE_STRICT_OBJC_MSGSEND = YES;
				ENABLE_TESTABILITY = YES;
				ENABLE_USER_SCRIPT_SANDBOXING = YES;
				GCC_C_LANGUAGE_STANDARD = gnu17;
				GCC_DYNAMIC_NO_PIC = NO;
				GCC_NO_COMMON_BLOCKS = YES;
				GCC_OPTIMIZATION_LEVEL = 0;
				GCC_PREPROCESSOR_DEFINITIONS = (
					"DEBUG=1",
					"$(inherited)",
				);
				GCC_WARN_64_TO_32_BIT_CONVERSION = YES;
				GCC_WARN_ABOUT_RETURN_TYPE = YES_ERROR;
				GCC_WARN_UNDECLARED_SELECTOR = YES;
				GCC_WARN_UNINITIALIZED_AUTOS = YES_AGGRESSIVE;
				GCC_WARN_UNUSED_FUNCTION = YES;
				GCC_WARN_UNUSED_VARIABLE = YES;
				IPHONEOS_DEPLOYMENT_TARGET = 17.5;
				LOCALIZATION_PREFERS_STRING_CATALOGS = YES;
				MTL_ENABLE_DEBUG_INFO = INCLUDE_SOURCE;
				MTL_FAST_MATH = YES;
				ONLY_ACTIVE_ARCH = YES;
				SDKROOT = iphoneos;
				SWIFT_ACTIVE_COMPILATION_CONDITIONS = "DEBUG $(inherited)";
				SWIFT_OPTIMIZATION_LEVEL = "-Onone";
			};
			name = Debug;
		};
		314C00EE2CAEA05200541726 /* Release */ = {
			isa = XCBuildConfiguration;
			buildSettings = {
				ALWAYS_SEARCH_USER_PATHS = NO;
				ASSETCATALOG_COMPILER_GENERATE_SWIFT_ASSET_SYMBOL_EXTENSIONS = YES;
				CLANG_ANALYZER_NONNULL = YES;
				CLANG_ANALYZER_NUMBER_OBJECT_CONVERSION = YES_AGGRESSIVE;
				CLANG_CXX_LANGUAGE_STANDARD = "gnu++20";
				CLANG_ENABLE_MODULES = YES;
				CLANG_ENABLE_OBJC_ARC = YES;
				CLANG_ENABLE_OBJC_WEAK = YES;
				CLANG_WARN_BLOCK_CAPTURE_AUTORELEASING = YES;
				CLANG_WARN_BOOL_CONVERSION = YES;
				CLANG_WARN_COMMA = YES;
				CLANG_WARN_CONSTANT_CONVERSION = YES;
				CLANG_WARN_DEPRECATED_OBJC_IMPLEMENTATIONS = YES;
				CLANG_WARN_DIRECT_OBJC_ISA_USAGE = YES_ERROR;
				CLANG_WARN_DOCUMENTATION_COMMENTS = YES;
				CLANG_WARN_EMPTY_BODY = YES;
				CLANG_WARN_ENUM_CONVERSION = YES;
				CLANG_WARN_INFINITE_RECURSION = YES;
				CLANG_WARN_INT_CONVERSION = YES;
				CLANG_WARN_NON_LITERAL_NULL_CONVERSION = YES;
				CLANG_WARN_OBJC_IMPLICIT_RETAIN_SELF = YES;
				CLANG_WARN_OBJC_LITERAL_CONVERSION = YES;
				CLANG_WARN_OBJC_ROOT_CLASS = YES_ERROR;
				CLANG_WARN_QUOTED_INCLUDE_IN_FRAMEWORK_HEADER = YES;
				CLANG_WARN_RANGE_LOOP_ANALYSIS = YES;
				CLANG_WARN_STRICT_PROTOTYPES = YES;
				CLANG_WARN_SUSPICIOUS_MOVE = YES;
				CLANG_WARN_UNGUARDED_AVAILABILITY = YES_AGGRESSIVE;
				CLANG_WARN_UNREACHABLE_CODE = YES;
				CLANG_WARN__DUPLICATE_METHOD_MATCH = YES;
				COPY_PHASE_STRIP = NO;
				DEBUG_INFORMATION_FORMAT = "dwarf-with-dsym";
				ENABLE_NS_ASSERTIONS = NO;
				ENABLE_STRICT_OBJC_MSGSEND = YES;
				ENABLE_USER_SCRIPT_SANDBOXING = YES;
				GCC_C_LANGUAGE_STANDARD = gnu17;
				GCC_NO_COMMON_BLOCKS = YES;
				GCC_WARN_64_TO_32_BIT_CONVERSION = YES;
				GCC_WARN_ABOUT_RETURN_TYPE = YES_ERROR;
				GCC_WARN_UNDECLARED_SELECTOR = YES;
				GCC_WARN_UNINITIALIZED_AUTOS = YES_AGGRESSIVE;
				GCC_WARN_UNUSED_FUNCTION = YES;
				GCC_WARN_UNUSED_VARIABLE = YES;
				IPHONEOS_DEPLOYMENT_TARGET = 17.5;
				LOCALIZATION_PREFERS_STRING_CATALOGS = YES;
				MTL_ENABLE_DEBUG_INFO = NO;
				MTL_FAST_MATH = YES;
				SDKROOT = iphoneos;
				SWIFT_COMPILATION_MODE = wholemodule;
				VALIDATE_PRODUCT = YES;
			};
			name = Release;
		};
		314C00F02CAEA05200541726 /* Debug */ = {
			isa = XCBuildConfiguration;
			buildSettings = {
				ASSETCATALOG_COMPILER_APPICON_NAME = AppIcon;
				ASSETCATALOG_COMPILER_GLOBAL_ACCENT_COLOR_NAME = AccentColor;
				CODE_SIGN_STYLE = Automatic;
				CURRENT_PROJECT_VERSION = 1;
				DEVELOPMENT_ASSET_PATHS = "\"ImatCheff/Preview Content\"";
				DEVELOPMENT_TEAM = 457N46JP2X;
				ENABLE_PREVIEWS = YES;
				GENERATE_INFOPLIST_FILE = YES;
				INFOPLIST_FILE = ImatCheff/Info.plist;
				INFOPLIST_KEY_UIApplicationSceneManifest_Generation = YES;
				INFOPLIST_KEY_UIApplicationSupportsIndirectInputEvents = YES;
				INFOPLIST_KEY_UILaunchScreen_Generation = YES;
				INFOPLIST_KEY_UISupportedInterfaceOrientations_iPad = "UIInterfaceOrientationPortrait UIInterfaceOrientationPortraitUpsideDown UIInterfaceOrientationLandscapeLeft UIInterfaceOrientationLandscapeRight";
				INFOPLIST_KEY_UISupportedInterfaceOrientations_iPhone = "UIInterfaceOrientationPortrait UIInterfaceOrientationLandscapeLeft UIInterfaceOrientationLandscapeRight";
				LD_RUNPATH_SEARCH_PATHS = (
					"$(inherited)",
					"@executable_path/Frameworks",
				);
				MARKETING_VERSION = 1.0;
				PRODUCT_BUNDLE_IDENTIFIER = com.imatboss.ImatCheff;
				PRODUCT_NAME = "$(TARGET_NAME)";
				SWIFT_EMIT_LOC_STRINGS = YES;
				SWIFT_VERSION = 5.0;
				TARGETED_DEVICE_FAMILY = "1,2";
			};
			name = Debug;
		};
		314C00F12CAEA05200541726 /* Release */ = {
			isa = XCBuildConfiguration;
			buildSettings = {
				ASSETCATALOG_COMPILER_APPICON_NAME = AppIcon;
				ASSETCATALOG_COMPILER_GLOBAL_ACCENT_COLOR_NAME = AccentColor;
				CODE_SIGN_STYLE = Automatic;
				CURRENT_PROJECT_VERSION = 1;
				DEVELOPMENT_ASSET_PATHS = "\"ImatCheff/Preview Content\"";
				DEVELOPMENT_TEAM = 457N46JP2X;
				ENABLE_PREVIEWS = YES;
				GENERATE_INFOPLIST_FILE = YES;
				INFOPLIST_FILE = ImatCheff/Info.plist;
				INFOPLIST_KEY_UIApplicationSceneManifest_Generation = YES;
				INFOPLIST_KEY_UIApplicationSupportsIndirectInputEvents = YES;
				INFOPLIST_KEY_UILaunchScreen_Generation = YES;
				INFOPLIST_KEY_UISupportedInterfaceOrientations_iPad = "UIInterfaceOrientationPortrait UIInterfaceOrientationPortraitUpsideDown UIInterfaceOrientationLandscapeLeft UIInterfaceOrientationLandscapeRight";
				INFOPLIST_KEY_UISupportedInterfaceOrientations_iPhone = "UIInterfaceOrientationPortrait UIInterfaceOrientationLandscapeLeft UIInterfaceOrientationLandscapeRight";
				LD_RUNPATH_SEARCH_PATHS = (
					"$(inherited)",
					"@executable_path/Frameworks",
				);
				MARKETING_VERSION = 1.0;
				PRODUCT_BUNDLE_IDENTIFIER = com.imatboss.ImatCheff;
				PRODUCT_NAME = "$(TARGET_NAME)";
				SWIFT_EMIT_LOC_STRINGS = YES;
				SWIFT_VERSION = 5.0;
				TARGETED_DEVICE_FAMILY = "1,2";
			};
			name = Release;
		};
/* End XCBuildConfiguration section */

/* Begin XCConfigurationList section */
		314C00DC2CAEA05100541726 /* Build configuration list for PBXProject "ImatCheff" */ = {
			isa = XCConfigurationList;
			buildConfigurations = (
				314C00ED2CAEA05200541726 /* Debug */,
				314C00EE2CAEA05200541726 /* Release */,
			);
			defaultConfigurationIsVisible = 0;
			defaultConfigurationName = Release;
		};
		314C00EF2CAEA05200541726 /* Build configuration list for PBXNativeTarget "ImatCheff" */ = {
			isa = XCConfigurationList;
			buildConfigurations = (
				314C00F02CAEA05200541726 /* Debug */,
				314C00F12CAEA05200541726 /* Release */,
			);
			defaultConfigurationIsVisible = 0;
			defaultConfigurationName = Release;
		};
/* End XCConfigurationList section */

/* Begin XCRemoteSwiftPackageReference section */
		314C00F32CAEA08600541726 /* XCRemoteSwiftPackageReference "Alamofire" */ = {
			isa = XCRemoteSwiftPackageReference;
			repositoryURL = "https://github.com/Alamofire/Alamofire.git";
			requirement = {
				kind = upToNextMajorVersion;
				minimumVersion = 5.9.1;
			};
		};
		314C00F62CAEA09100541726 /* XCRemoteSwiftPackageReference "lottie-ios" */ = {
			isa = XCRemoteSwiftPackageReference;
			repositoryURL = "https://github.com/airbnb/lottie-ios";
			requirement = {
				kind = upToNextMajorVersion;
				minimumVersion = 4.5.0;
			};
		};
/* End XCRemoteSwiftPackageReference section */

/* Begin XCSwiftPackageProductDependency section */
		314C00F42CAEA08600541726 /* Alamofire */ = {
			isa = XCSwiftPackageProductDependency;
			package = 314C00F32CAEA08600541726 /* XCRemoteSwiftPackageReference "Alamofire" */;
			productName = Alamofire;
		};
		314C00F72CAEA09100541726 /* Lottie */ = {
			isa = XCSwiftPackageProductDependency;
			package = 314C00F62CAEA09100541726 /* XCRemoteSwiftPackageReference "lottie-ios" */;
			productName = Lottie;
		};
/* End XCSwiftPackageProductDependency section */
	};
	rootObject = 314C00D92CAEA05100541726 /* Project object */;
}
